// !$*UTF8*$!
{
	archiveVersion = 1;
	classes = {
	};
	objectVersion = 51;
	objects = {

/* Begin PBXBuildFile section */
		1F62E2192306533300BFF5A5 /* AppDelegate.swift in Sources */ = {isa = PBXBuildFile; fileRef = 1F62E2182306533300BFF5A5 /* AppDelegate.swift */; };
		1F62E21B2306533300BFF5A5 /* SceneDelegate.swift in Sources */ = {isa = PBXBuildFile; fileRef = 1F62E21A2306533300BFF5A5 /* SceneDelegate.swift */; };
		1F62E21D2306533300BFF5A5 /* ViewController.swift in Sources */ = {isa = PBXBuildFile; fileRef = 1F62E21C2306533300BFF5A5 /* ViewController.swift */; };
		1F62E2202306533300BFF5A5 /* Main.storyboard in Resources */ = {isa = PBXBuildFile; fileRef = 1F62E21E2306533300BFF5A5 /* Main.storyboard */; };
		1F62E2222306533500BFF5A5 /* Assets.xcassets in Resources */ = {isa = PBXBuildFile; fileRef = 1F62E2212306533500BFF5A5 /* Assets.xcassets */; };
		1F62E2252306533500BFF5A5 /* LaunchScreen.storyboard in Resources */ = {isa = PBXBuildFile; fileRef = 1F62E2232306533500BFF5A5 /* LaunchScreen.storyboard */; };
		1F62E2302306533500BFF5A5 /* postyTests.swift in Sources */ = {isa = PBXBuildFile; fileRef = 1F62E22F2306533500BFF5A5 /* postyTests.swift */; };
		1F62E23B2306533500BFF5A5 /* postyUITests.swift in Sources */ = {isa = PBXBuildFile; fileRef = 1F62E23A2306533500BFF5A5 /* postyUITests.swift */; };
		1F62E2492306548200BFF5A5 /* GoogleService-Info.plist in Resources */ = {isa = PBXBuildFile; fileRef = 1F62E2482306548200BFF5A5 /* GoogleService-Info.plist */; };
		1FD152992306F6AD00BB7960 /* RoundButton.swift in Sources */ = {isa = PBXBuildFile; fileRef = 1FD152982306F6AD00BB7960 /* RoundButton.swift */; };
		1FDC7923230ACB0C00866E5C /* LoginViewController.swift in Sources */ = {isa = PBXBuildFile; fileRef = 1FDC7922230ACB0C00866E5C /* LoginViewController.swift */; };
		1FDC7925230ACFCC00866E5C /* RegisterViewController.swift in Sources */ = {isa = PBXBuildFile; fileRef = 1FDC7924230ACFCC00866E5C /* RegisterViewController.swift */; };
		527193ED7C774B46D01EC5C4 /* Pods_posty.framework in Frameworks */ = {isa = PBXBuildFile; fileRef = 44361DF83B557E16A45A379A /* Pods_posty.framework */; };
		B4DB918D53D95DB3D0C223ED /* Pods_postyTests.framework in Frameworks */ = {isa = PBXBuildFile; fileRef = 452E46F7FD64566414CB95FC /* Pods_postyTests.framework */; };
		FD896BFE51326EF5F489B92D /* Pods_posty_postyUITests.framework in Frameworks */ = {isa = PBXBuildFile; fileRef = 7B57E70272D7DEEF22D76F34 /* Pods_posty_postyUITests.framework */; };
/* End PBXBuildFile section */

/* Begin PBXContainerItemProxy section */
		1F62E22C2306533500BFF5A5 /* PBXContainerItemProxy */ = {
			isa = PBXContainerItemProxy;
			containerPortal = 1F62E20D2306533300BFF5A5 /* Project object */;
			proxyType = 1;
			remoteGlobalIDString = 1F62E2142306533300BFF5A5;
			remoteInfo = posty;
		};
		1F62E2372306533500BFF5A5 /* PBXContainerItemProxy */ = {
			isa = PBXContainerItemProxy;
			containerPortal = 1F62E20D2306533300BFF5A5 /* Project object */;
			proxyType = 1;
			remoteGlobalIDString = 1F62E2142306533300BFF5A5;
			remoteInfo = posty;
		};
/* End PBXContainerItemProxy section */

/* Begin PBXFileReference section */
		1F62E2152306533300BFF5A5 /* posty.app */ = {isa = PBXFileReference; explicitFileType = wrapper.application; includeInIndex = 0; path = posty.app; sourceTree = BUILT_PRODUCTS_DIR; };
		1F62E2182306533300BFF5A5 /* AppDelegate.swift */ = {isa = PBXFileReference; lastKnownFileType = sourcecode.swift; path = AppDelegate.swift; sourceTree = "<group>"; };
		1F62E21A2306533300BFF5A5 /* SceneDelegate.swift */ = {isa = PBXFileReference; lastKnownFileType = sourcecode.swift; path = SceneDelegate.swift; sourceTree = "<group>"; };
		1F62E21C2306533300BFF5A5 /* ViewController.swift */ = {isa = PBXFileReference; lastKnownFileType = sourcecode.swift; path = ViewController.swift; sourceTree = "<group>"; };
		1F62E21F2306533300BFF5A5 /* Base */ = {isa = PBXFileReference; lastKnownFileType = file.storyboard; name = Base; path = Base.lproj/Main.storyboard; sourceTree = "<group>"; };
		1F62E2212306533500BFF5A5 /* Assets.xcassets */ = {isa = PBXFileReference; lastKnownFileType = folder.assetcatalog; path = Assets.xcassets; sourceTree = "<group>"; };
		1F62E2242306533500BFF5A5 /* Base */ = {isa = PBXFileReference; lastKnownFileType = file.storyboard; name = Base; path = Base.lproj/LaunchScreen.storyboard; sourceTree = "<group>"; };
		1F62E2262306533500BFF5A5 /* Info.plist */ = {isa = PBXFileReference; lastKnownFileType = text.plist.xml; path = Info.plist; sourceTree = "<group>"; };
		1F62E22B2306533500BFF5A5 /* postyTests.xctest */ = {isa = PBXFileReference; explicitFileType = wrapper.cfbundle; includeInIndex = 0; path = postyTests.xctest; sourceTree = BUILT_PRODUCTS_DIR; };
		1F62E22F2306533500BFF5A5 /* postyTests.swift */ = {isa = PBXFileReference; lastKnownFileType = sourcecode.swift; path = postyTests.swift; sourceTree = "<group>"; };
		1F62E2312306533500BFF5A5 /* Info.plist */ = {isa = PBXFileReference; lastKnownFileType = text.plist.xml; path = Info.plist; sourceTree = "<group>"; };
		1F62E2362306533500BFF5A5 /* postyUITests.xctest */ = {isa = PBXFileReference; explicitFileType = wrapper.cfbundle; includeInIndex = 0; path = postyUITests.xctest; sourceTree = BUILT_PRODUCTS_DIR; };
		1F62E23A2306533500BFF5A5 /* postyUITests.swift */ = {isa = PBXFileReference; lastKnownFileType = sourcecode.swift; path = postyUITests.swift; sourceTree = "<group>"; };
		1F62E23C2306533500BFF5A5 /* Info.plist */ = {isa = PBXFileReference; lastKnownFileType = text.plist.xml; path = Info.plist; sourceTree = "<group>"; };
		1F62E2482306548200BFF5A5 /* GoogleService-Info.plist */ = {isa = PBXFileReference; fileEncoding = 4; lastKnownFileType = text.plist.xml; path = "GoogleService-Info.plist"; sourceTree = "<group>"; };
		1FD152982306F6AD00BB7960 /* RoundButton.swift */ = {isa = PBXFileReference; lastKnownFileType = sourcecode.swift; path = RoundButton.swift; sourceTree = "<group>"; };
		1FDC7922230ACB0C00866E5C /* LoginViewController.swift */ = {isa = PBXFileReference; lastKnownFileType = sourcecode.swift; path = LoginViewController.swift; sourceTree = "<group>"; };
		1FDC7924230ACFCC00866E5C /* RegisterViewController.swift */ = {isa = PBXFileReference; lastKnownFileType = sourcecode.swift; path = RegisterViewController.swift; sourceTree = "<group>"; };
		2AC051B693C385428589A81A /* Pods-postyTests.release.xcconfig */ = {isa = PBXFileReference; includeInIndex = 1; lastKnownFileType = text.xcconfig; name = "Pods-postyTests.release.xcconfig"; path = "Target Support Files/Pods-postyTests/Pods-postyTests.release.xcconfig"; sourceTree = "<group>"; };
		44361DF83B557E16A45A379A /* Pods_posty.framework */ = {isa = PBXFileReference; explicitFileType = wrapper.framework; includeInIndex = 0; path = Pods_posty.framework; sourceTree = BUILT_PRODUCTS_DIR; };
		452E46F7FD64566414CB95FC /* Pods_postyTests.framework */ = {isa = PBXFileReference; explicitFileType = wrapper.framework; includeInIndex = 0; path = Pods_postyTests.framework; sourceTree = BUILT_PRODUCTS_DIR; };
		474F0CFD703FEE4C6F453E9B /* Pods-postyTests.debug.xcconfig */ = {isa = PBXFileReference; includeInIndex = 1; lastKnownFileType = text.xcconfig; name = "Pods-postyTests.debug.xcconfig"; path = "Target Support Files/Pods-postyTests/Pods-postyTests.debug.xcconfig"; sourceTree = "<group>"; };
		5121DD06CCA38C5DF2F169DF /* Pods-posty.debug.xcconfig */ = {isa = PBXFileReference; includeInIndex = 1; lastKnownFileType = text.xcconfig; name = "Pods-posty.debug.xcconfig"; path = "Target Support Files/Pods-posty/Pods-posty.debug.xcconfig"; sourceTree = "<group>"; };
		7771D561231EB55758128A30 /* Pods-posty-postyUITests.debug.xcconfig */ = {isa = PBXFileReference; includeInIndex = 1; lastKnownFileType = text.xcconfig; name = "Pods-posty-postyUITests.debug.xcconfig"; path = "Target Support Files/Pods-posty-postyUITests/Pods-posty-postyUITests.debug.xcconfig"; sourceTree = "<group>"; };
		7B57E70272D7DEEF22D76F34 /* Pods_posty_postyUITests.framework */ = {isa = PBXFileReference; explicitFileType = wrapper.framework; includeInIndex = 0; path = Pods_posty_postyUITests.framework; sourceTree = BUILT_PRODUCTS_DIR; };
		C6036D28BCF17BF71563AD14 /* Pods-posty-postyUITests.release.xcconfig */ = {isa = PBXFileReference; includeInIndex = 1; lastKnownFileType = text.xcconfig; name = "Pods-posty-postyUITests.release.xcconfig"; path = "Target Support Files/Pods-posty-postyUITests/Pods-posty-postyUITests.release.xcconfig"; sourceTree = "<group>"; };
		ED1308517556FFB8FF908332 /* Pods-posty.release.xcconfig */ = {isa = PBXFileReference; includeInIndex = 1; lastKnownFileType = text.xcconfig; name = "Pods-posty.release.xcconfig"; path = "Target Support Files/Pods-posty/Pods-posty.release.xcconfig"; sourceTree = "<group>"; };
/* End PBXFileReference section */

/* Begin PBXFrameworksBuildPhase section */
		1F62E2122306533300BFF5A5 /* Frameworks */ = {
			isa = PBXFrameworksBuildPhase;
			buildActionMask = 2147483647;
			files = (
				527193ED7C774B46D01EC5C4 /* Pods_posty.framework in Frameworks */,
			);
			runOnlyForDeploymentPostprocessing = 0;
		};
		1F62E2282306533500BFF5A5 /* Frameworks */ = {
			isa = PBXFrameworksBuildPhase;
			buildActionMask = 2147483647;
			files = (
				B4DB918D53D95DB3D0C223ED /* Pods_postyTests.framework in Frameworks */,
			);
			runOnlyForDeploymentPostprocessing = 0;
		};
		1F62E2332306533500BFF5A5 /* Frameworks */ = {
			isa = PBXFrameworksBuildPhase;
			buildActionMask = 2147483647;
			files = (
				FD896BFE51326EF5F489B92D /* Pods_posty_postyUITests.framework in Frameworks */,
			);
			runOnlyForDeploymentPostprocessing = 0;
		};
/* End PBXFrameworksBuildPhase section */

/* Begin PBXGroup section */
		1F62E20C2306533300BFF5A5 = {
			isa = PBXGroup;
			children = (
				1F62E2172306533300BFF5A5 /* posty */,
				1F62E22E2306533500BFF5A5 /* postyTests */,
				1F62E2392306533500BFF5A5 /* postyUITests */,
				1F62E2162306533300BFF5A5 /* Products */,
				E07E1CCBB416037FD23E12B6 /* Pods */,
				A55185475F1AB3E827980F9B /* Frameworks */,
			);
			sourceTree = "<group>";
		};
		1F62E2162306533300BFF5A5 /* Products */ = {
			isa = PBXGroup;
			children = (
				1F62E2152306533300BFF5A5 /* posty.app */,
				1F62E22B2306533500BFF5A5 /* postyTests.xctest */,
				1F62E2362306533500BFF5A5 /* postyUITests.xctest */,
			);
			name = Products;
			sourceTree = "<group>";
		};
		1F62E2172306533300BFF5A5 /* posty */ = {
			isa = PBXGroup;
			children = (
				1F62E2182306533300BFF5A5 /* AppDelegate.swift */,
				1F62E21A2306533300BFF5A5 /* SceneDelegate.swift */,
				1F62E21C2306533300BFF5A5 /* ViewController.swift */,
				1F62E2482306548200BFF5A5 /* GoogleService-Info.plist */,
				1F62E21E2306533300BFF5A5 /* Main.storyboard */,
				1F62E2212306533500BFF5A5 /* Assets.xcassets */,
				1F62E2232306533500BFF5A5 /* LaunchScreen.storyboard */,
				1F62E2262306533500BFF5A5 /* Info.plist */,
				1FD152982306F6AD00BB7960 /* RoundButton.swift */,
				1FDC7922230ACB0C00866E5C /* LoginViewController.swift */,
				1FDC7924230ACFCC00866E5C /* RegisterViewController.swift */,
			);
			path = posty;
			sourceTree = "<group>";
		};
		1F62E22E2306533500BFF5A5 /* postyTests */ = {
			isa = PBXGroup;
			children = (
				1F62E22F2306533500BFF5A5 /* postyTests.swift */,
				1F62E2312306533500BFF5A5 /* Info.plist */,
			);
			path = postyTests;
			sourceTree = "<group>";
		};
		1F62E2392306533500BFF5A5 /* postyUITests */ = {
			isa = PBXGroup;
			children = (
				1F62E23A2306533500BFF5A5 /* postyUITests.swift */,
				1F62E23C2306533500BFF5A5 /* Info.plist */,
			);
			path = postyUITests;
			sourceTree = "<group>";
		};
		A55185475F1AB3E827980F9B /* Frameworks */ = {
			isa = PBXGroup;
			children = (
				44361DF83B557E16A45A379A /* Pods_posty.framework */,
				7B57E70272D7DEEF22D76F34 /* Pods_posty_postyUITests.framework */,
				452E46F7FD64566414CB95FC /* Pods_postyTests.framework */,
			);
			name = Frameworks;
			sourceTree = "<group>";
		};
		E07E1CCBB416037FD23E12B6 /* Pods */ = {
			isa = PBXGroup;
			children = (
				5121DD06CCA38C5DF2F169DF /* Pods-posty.debug.xcconfig */,
				ED1308517556FFB8FF908332 /* Pods-posty.release.xcconfig */,
				7771D561231EB55758128A30 /* Pods-posty-postyUITests.debug.xcconfig */,
				C6036D28BCF17BF71563AD14 /* Pods-posty-postyUITests.release.xcconfig */,
				474F0CFD703FEE4C6F453E9B /* Pods-postyTests.debug.xcconfig */,
				2AC051B693C385428589A81A /* Pods-postyTests.release.xcconfig */,
			);
			path = Pods;
			sourceTree = "<group>";
		};
/* End PBXGroup section */

/* Begin PBXNativeTarget section */
		1F62E2142306533300BFF5A5 /* posty */ = {
			isa = PBXNativeTarget;
			buildConfigurationList = 1F62E23F2306533500BFF5A5 /* Build configuration list for PBXNativeTarget "posty" */;
			buildPhases = (
				83E44721331D86CE174CC53E /* [CP] Check Pods Manifest.lock */,
				1F62E2112306533300BFF5A5 /* Sources */,
				1F62E2122306533300BFF5A5 /* Frameworks */,
				1F62E2132306533300BFF5A5 /* Resources */,
				00734D9619979206792B3BFC /* [CP] Embed Pods Frameworks */,
			);
			buildRules = (
			);
			dependencies = (
			);
			name = posty;
			productName = posty;
			productReference = 1F62E2152306533300BFF5A5 /* posty.app */;
			productType = "com.apple.product-type.application";
		};
		1F62E22A2306533500BFF5A5 /* postyTests */ = {
			isa = PBXNativeTarget;
			buildConfigurationList = 1F62E2422306533500BFF5A5 /* Build configuration list for PBXNativeTarget "postyTests" */;
			buildPhases = (
				CE120AA33032A6D01EF50208 /* [CP] Check Pods Manifest.lock */,
				1F62E2272306533500BFF5A5 /* Sources */,
				1F62E2282306533500BFF5A5 /* Frameworks */,
				1F62E2292306533500BFF5A5 /* Resources */,
			);
			buildRules = (
			);
			dependencies = (
				1F62E22D2306533500BFF5A5 /* PBXTargetDependency */,
			);
			name = postyTests;
			productName = postyTests;
			productReference = 1F62E22B2306533500BFF5A5 /* postyTests.xctest */;
			productType = "com.apple.product-type.bundle.unit-test";
		};
		1F62E2352306533500BFF5A5 /* postyUITests */ = {
			isa = PBXNativeTarget;
			buildConfigurationList = 1F62E2452306533500BFF5A5 /* Build configuration list for PBXNativeTarget "postyUITests" */;
			buildPhases = (
				CAD8920CE3133287C909777E /* [CP] Check Pods Manifest.lock */,
				1F62E2322306533500BFF5A5 /* Sources */,
				1F62E2332306533500BFF5A5 /* Frameworks */,
				1F62E2342306533500BFF5A5 /* Resources */,
				FFF330A6BB9D8F1725EE3C2C /* [CP] Embed Pods Frameworks */,
			);
			buildRules = (
			);
			dependencies = (
				1F62E2382306533500BFF5A5 /* PBXTargetDependency */,
			);
			name = postyUITests;
			productName = postyUITests;
			productReference = 1F62E2362306533500BFF5A5 /* postyUITests.xctest */;
			productType = "com.apple.product-type.bundle.ui-testing";
		};
/* End PBXNativeTarget section */

/* Begin PBXProject section */
		1F62E20D2306533300BFF5A5 /* Project object */ = {
			isa = PBXProject;
			attributes = {
				LastSwiftUpdateCheck = 1100;
				LastUpgradeCheck = 1100;
				ORGANIZATIONNAME = noname;
				TargetAttributes = {
					1F62E2142306533300BFF5A5 = {
						CreatedOnToolsVersion = 11.0;
					};
					1F62E22A2306533500BFF5A5 = {
						CreatedOnToolsVersion = 11.0;
						TestTargetID = 1F62E2142306533300BFF5A5;
					};
					1F62E2352306533500BFF5A5 = {
						CreatedOnToolsVersion = 11.0;
						TestTargetID = 1F62E2142306533300BFF5A5;
					};
				};
			};
			buildConfigurationList = 1F62E2102306533300BFF5A5 /* Build configuration list for PBXProject "posty" */;
			compatibilityVersion = "Xcode 9.3";
			developmentRegion = en;
			hasScannedForEncodings = 0;
			knownRegions = (
				en,
				Base,
			);
			mainGroup = 1F62E20C2306533300BFF5A5;
			productRefGroup = 1F62E2162306533300BFF5A5 /* Products */;
			projectDirPath = "";
			projectRoot = "";
			targets = (
				1F62E2142306533300BFF5A5 /* posty */,
				1F62E22A2306533500BFF5A5 /* postyTests */,
				1F62E2352306533500BFF5A5 /* postyUITests */,
			);
		};
/* End PBXProject section */

/* Begin PBXResourcesBuildPhase section */
		1F62E2132306533300BFF5A5 /* Resources */ = {
			isa = PBXResourcesBuildPhase;
			buildActionMask = 2147483647;
			files = (
				1F62E2252306533500BFF5A5 /* LaunchScreen.storyboard in Resources */,
				1F62E2492306548200BFF5A5 /* GoogleService-Info.plist in Resources */,
				1F62E2222306533500BFF5A5 /* Assets.xcassets in Resources */,
				1F62E2202306533300BFF5A5 /* Main.storyboard in Resources */,
			);
			runOnlyForDeploymentPostprocessing = 0;
		};
		1F62E2292306533500BFF5A5 /* Resources */ = {
			isa = PBXResourcesBuildPhase;
			buildActionMask = 2147483647;
			files = (
			);
			runOnlyForDeploymentPostprocessing = 0;
		};
		1F62E2342306533500BFF5A5 /* Resources */ = {
			isa = PBXResourcesBuildPhase;
			buildActionMask = 2147483647;
			files = (
			);
			runOnlyForDeploymentPostprocessing = 0;
		};
/* End PBXResourcesBuildPhase section */

/* Begin PBXShellScriptBuildPhase section */
		00734D9619979206792B3BFC /* [CP] Embed Pods Frameworks */ = {
			isa = PBXShellScriptBuildPhase;
			buildActionMask = 2147483647;
			files = (
			);
			inputFileListPaths = (
				"${PODS_ROOT}/Target Support Files/Pods-posty/Pods-posty-frameworks-${CONFIGURATION}-input-files.xcfilelist",
			);
			name = "[CP] Embed Pods Frameworks";
			outputFileListPaths = (
				"${PODS_ROOT}/Target Support Files/Pods-posty/Pods-posty-frameworks-${CONFIGURATION}-output-files.xcfilelist",
			);
			runOnlyForDeploymentPostprocessing = 0;
			shellPath = /bin/sh;
			shellScript = "\"${PODS_ROOT}/Target Support Files/Pods-posty/Pods-posty-frameworks.sh\"\n";
			showEnvVarsInLog = 0;
		};
		83E44721331D86CE174CC53E /* [CP] Check Pods Manifest.lock */ = {
			isa = PBXShellScriptBuildPhase;
			buildActionMask = 2147483647;
			files = (
			);
			inputFileListPaths = (
			);
			inputPaths = (
				"${PODS_PODFILE_DIR_PATH}/Podfile.lock",
				"${PODS_ROOT}/Manifest.lock",
			);
			name = "[CP] Check Pods Manifest.lock";
			outputFileListPaths = (
			);
			outputPaths = (
				"$(DERIVED_FILE_DIR)/Pods-posty-checkManifestLockResult.txt",
			);
			runOnlyForDeploymentPostprocessing = 0;
			shellPath = /bin/sh;
			shellScript = "diff \"${PODS_PODFILE_DIR_PATH}/Podfile.lock\" \"${PODS_ROOT}/Manifest.lock\" > /dev/null\nif [ $? != 0 ] ; then\n    # print error to STDERR\n    echo \"error: The sandbox is not in sync with the Podfile.lock. Run 'pod install' or update your CocoaPods installation.\" >&2\n    exit 1\nfi\n# This output is used by Xcode 'outputs' to avoid re-running this script phase.\necho \"SUCCESS\" > \"${SCRIPT_OUTPUT_FILE_0}\"\n";
			showEnvVarsInLog = 0;
		};
		CAD8920CE3133287C909777E /* [CP] Check Pods Manifest.lock */ = {
			isa = PBXShellScriptBuildPhase;
			buildActionMask = 2147483647;
			files = (
			);
			inputFileListPaths = (
			);
			inputPaths = (
				"${PODS_PODFILE_DIR_PATH}/Podfile.lock",
				"${PODS_ROOT}/Manifest.lock",
			);
			name = "[CP] Check Pods Manifest.lock";
			outputFileListPaths = (
			);
			outputPaths = (
				"$(DERIVED_FILE_DIR)/Pods-posty-postyUITests-checkManifestLockResult.txt",
			);
			runOnlyForDeploymentPostprocessing = 0;
			shellPath = /bin/sh;
			shellScript = "diff \"${PODS_PODFILE_DIR_PATH}/Podfile.lock\" \"${PODS_ROOT}/Manifest.lock\" > /dev/null\nif [ $? != 0 ] ; then\n    # print error to STDERR\n    echo \"error: The sandbox is not in sync with the Podfile.lock. Run 'pod install' or update your CocoaPods installation.\" >&2\n    exit 1\nfi\n# This output is used by Xcode 'outputs' to avoid re-running this script phase.\necho \"SUCCESS\" > \"${SCRIPT_OUTPUT_FILE_0}\"\n";
			showEnvVarsInLog = 0;
		};
		CE120AA33032A6D01EF50208 /* [CP] Check Pods Manifest.lock */ = {
			isa = PBXShellScriptBuildPhase;
			buildActionMask = 2147483647;
			files = (
			);
			inputFileListPaths = (
			);
			inputPaths = (
				"${PODS_PODFILE_DIR_PATH}/Podfile.lock",
				"${PODS_ROOT}/Manifest.lock",
			);
			name = "[CP] Check Pods Manifest.lock";
			outputFileListPaths = (
			);
			outputPaths = (
				"$(DERIVED_FILE_DIR)/Pods-postyTests-checkManifestLockResult.txt",
			);
			runOnlyForDeploymentPostprocessing = 0;
			shellPath = /bin/sh;
			shellScript = "diff \"${PODS_PODFILE_DIR_PATH}/Podfile.lock\" \"${PODS_ROOT}/Manifest.lock\" > /dev/null\nif [ $? != 0 ] ; then\n    # print error to STDERR\n    echo \"error: The sandbox is not in sync with the Podfile.lock. Run 'pod install' or update your CocoaPods installation.\" >&2\n    exit 1\nfi\n# This output is used by Xcode 'outputs' to avoid re-running this script phase.\necho \"SUCCESS\" > \"${SCRIPT_OUTPUT_FILE_0}\"\n";
			showEnvVarsInLog = 0;
		};
		FFF330A6BB9D8F1725EE3C2C /* [CP] Embed Pods Frameworks */ = {
			isa = PBXShellScriptBuildPhase;
			buildActionMask = 2147483647;
			files = (
			);
			inputFileListPaths = (
				"${PODS_ROOT}/Target Support Files/Pods-posty-postyUITests/Pods-posty-postyUITests-frameworks-${CONFIGURATION}-input-files.xcfilelist",
			);
			name = "[CP] Embed Pods Frameworks";
			outputFileListPaths = (
				"${PODS_ROOT}/Target Support Files/Pods-posty-postyUITests/Pods-posty-postyUITests-frameworks-${CONFIGURATION}-output-files.xcfilelist",
			);
			runOnlyForDeploymentPostprocessing = 0;
			shellPath = /bin/sh;
			shellScript = "\"${PODS_ROOT}/Target Support Files/Pods-posty-postyUITests/Pods-posty-postyUITests-frameworks.sh\"\n";
			showEnvVarsInLog = 0;
		};
/* End PBXShellScriptBuildPhase section */

/* Begin PBXSourcesBuildPhase section */
		1F62E2112306533300BFF5A5 /* Sources */ = {
			isa = PBXSourcesBuildPhase;
			buildActionMask = 2147483647;
			files = (
				1FD152992306F6AD00BB7960 /* RoundButton.swift in Sources */,
				1F62E21D2306533300BFF5A5 /* ViewController.swift in Sources */,
				1F62E2192306533300BFF5A5 /* AppDelegate.swift in Sources */,
				1FDC7925230ACFCC00866E5C /* RegisterViewController.swift in Sources */,
				1FDC7923230ACB0C00866E5C /* LoginViewController.swift in Sources */,
				1F62E21B2306533300BFF5A5 /* SceneDelegate.swift in Sources */,
			);
			runOnlyForDeploymentPostprocessing = 0;
		};
		1F62E2272306533500BFF5A5 /* Sources */ = {
			isa = PBXSourcesBuildPhase;
			buildActionMask = 2147483647;
			files = (
				1F62E2302306533500BFF5A5 /* postyTests.swift in Sources */,
			);
			runOnlyForDeploymentPostprocessing = 0;
		};
		1F62E2322306533500BFF5A5 /* Sources */ = {
			isa = PBXSourcesBuildPhase;
			buildActionMask = 2147483647;
			files = (
				1F62E23B2306533500BFF5A5 /* postyUITests.swift in Sources */,
			);
			runOnlyForDeploymentPostprocessing = 0;
		};
/* End PBXSourcesBuildPhase section */

/* Begin PBXTargetDependency section */
		1F62E22D2306533500BFF5A5 /* PBXTargetDependency */ = {
			isa = PBXTargetDependency;
			target = 1F62E2142306533300BFF5A5 /* posty */;
			targetProxy = 1F62E22C2306533500BFF5A5 /* PBXContainerItemProxy */;
		};
		1F62E2382306533500BFF5A5 /* PBXTargetDependency */ = {
			isa = PBXTargetDependency;
			target = 1F62E2142306533300BFF5A5 /* posty */;
			targetProxy = 1F62E2372306533500BFF5A5 /* PBXContainerItemProxy */;
		};
/* End PBXTargetDependency section */

/* Begin PBXVariantGroup section */
		1F62E21E2306533300BFF5A5 /* Main.storyboard */ = {
			isa = PBXVariantGroup;
			children = (
				1F62E21F2306533300BFF5A5 /* Base */,
			);
			name = Main.storyboard;
			sourceTree = "<group>";
		};
		1F62E2232306533500BFF5A5 /* LaunchScreen.storyboard */ = {
			isa = PBXVariantGroup;
			children = (
				1F62E2242306533500BFF5A5 /* Base */,
			);
			name = LaunchScreen.storyboard;
			sourceTree = "<group>";
		};
/* End PBXVariantGroup section */

/* Begin XCBuildConfiguration section */
		1F62E23D2306533500BFF5A5 /* Debug */ = {
			isa = XCBuildConfiguration;
			buildSettings = {
				ALWAYS_SEARCH_USER_PATHS = NO;
				CLANG_ANALYZER_NONNULL = YES;
				CLANG_ANALYZER_NUMBER_OBJECT_CONVERSION = YES_AGGRESSIVE;
				CLANG_CXX_LANGUAGE_STANDARD = "gnu++14";
				CLANG_CXX_LIBRARY = "libc++";
				CLANG_ENABLE_MODULES = YES;
				CLANG_ENABLE_OBJC_ARC = YES;
				CLANG_ENABLE_OBJC_WEAK = YES;
				CLANG_WARN_BLOCK_CAPTURE_AUTORELEASING = YES;
				CLANG_WARN_BOOL_CONVERSION = YES;
				CLANG_WARN_COMMA = YES;
				CLANG_WARN_CONSTANT_CONVERSION = YES;
				CLANG_WARN_DEPRECATED_OBJC_IMPLEMENTATIONS = YES;
				CLANG_WARN_DIRECT_OBJC_ISA_USAGE = YES_ERROR;
				CLANG_WARN_DOCUMENTATION_COMMENTS = YES;
				CLANG_WARN_EMPTY_BODY = YES;
				CLANG_WARN_ENUM_CONVERSION = YES;
				CLANG_WARN_INFINITE_RECURSION = YES;
				CLANG_WARN_INT_CONVERSION = YES;
				CLANG_WARN_NON_LITERAL_NULL_CONVERSION = YES;
				CLANG_WARN_OBJC_IMPLICIT_RETAIN_SELF = YES;
				CLANG_WARN_OBJC_LITERAL_CONVERSION = YES;
				CLANG_WARN_OBJC_ROOT_CLASS = YES_ERROR;
				CLANG_WARN_RANGE_LOOP_ANALYSIS = YES;
				CLANG_WARN_STRICT_PROTOTYPES = YES;
				CLANG_WARN_SUSPICIOUS_MOVE = YES;
				CLANG_WARN_UNGUARDED_AVAILABILITY = YES_AGGRESSIVE;
				CLANG_WARN_UNREACHABLE_CODE = YES;
				CLANG_WARN__DUPLICATE_METHOD_MATCH = YES;
				COPY_PHASE_STRIP = NO;
				DEBUG_INFORMATION_FORMAT = dwarf;
				ENABLE_STRICT_OBJC_MSGSEND = YES;
				ENABLE_TESTABILITY = YES;
				GCC_C_LANGUAGE_STANDARD = gnu11;
				GCC_DYNAMIC_NO_PIC = NO;
				GCC_NO_COMMON_BLOCKS = YES;
				GCC_OPTIMIZATION_LEVEL = 0;
				GCC_PREPROCESSOR_DEFINITIONS = (
					"DEBUG=1",
					"$(inherited)",
				);
				GCC_WARN_64_TO_32_BIT_CONVERSION = YES;
				GCC_WARN_ABOUT_RETURN_TYPE = YES_ERROR;
				GCC_WARN_UNDECLARED_SELECTOR = YES;
				GCC_WARN_UNINITIALIZED_AUTOS = YES_AGGRESSIVE;
				GCC_WARN_UNUSED_FUNCTION = YES;
				GCC_WARN_UNUSED_VARIABLE = YES;
				IPHONEOS_DEPLOYMENT_TARGET = 13.0;
				MTL_ENABLE_DEBUG_INFO = INCLUDE_SOURCE;
				MTL_FAST_MATH = YES;
				ONLY_ACTIVE_ARCH = YES;
				SDKROOT = iphoneos;
				SWIFT_ACTIVE_COMPILATION_CONDITIONS = DEBUG;
				SWIFT_OPTIMIZATION_LEVEL = "-Onone";
			};
			name = Debug;
		};
		1F62E23E2306533500BFF5A5 /* Release */ = {
			isa = XCBuildConfiguration;
			buildSettings = {
				ALWAYS_SEARCH_USER_PATHS = NO;
				CLANG_ANALYZER_NONNULL = YES;
				CLANG_ANALYZER_NUMBER_OBJECT_CONVERSION = YES_AGGRESSIVE;
				CLANG_CXX_LANGUAGE_STANDARD = "gnu++14";
				CLANG_CXX_LIBRARY = "libc++";
				CLANG_ENABLE_MODULES = YES;
				CLANG_ENABLE_OBJC_ARC = YES;
				CLANG_ENABLE_OBJC_WEAK = YES;
				CLANG_WARN_BLOCK_CAPTURE_AUTORELEASING = YES;
				CLANG_WARN_BOOL_CONVERSION = YES;
				CLANG_WARN_COMMA = YES;
				CLANG_WARN_CONSTANT_CONVERSION = YES;
				CLANG_WARN_DEPRECATED_OBJC_IMPLEMENTATIONS = YES;
				CLANG_WARN_DIRECT_OBJC_ISA_USAGE = YES_ERROR;
				CLANG_WARN_DOCUMENTATION_COMMENTS = YES;
				CLANG_WARN_EMPTY_BODY = YES;
				CLANG_WARN_ENUM_CONVERSION = YES;
				CLANG_WARN_INFINITE_RECURSION = YES;
				CLANG_WARN_INT_CONVERSION = YES;
				CLANG_WARN_NON_LITERAL_NULL_CONVERSION = YES;
				CLANG_WARN_OBJC_IMPLICIT_RETAIN_SELF = YES;
				CLANG_WARN_OBJC_LITERAL_CONVERSION = YES;
				CLANG_WARN_OBJC_ROOT_CLASS = YES_ERROR;
				CLANG_WARN_RANGE_LOOP_ANALYSIS = YES;
				CLANG_WARN_STRICT_PROTOTYPES = YES;
				CLANG_WARN_SUSPICIOUS_MOVE = YES;
				CLANG_WARN_UNGUARDED_AVAILABILITY = YES_AGGRESSIVE;
				CLANG_WARN_UNREACHABLE_CODE = YES;
				CLANG_WARN__DUPLICATE_METHOD_MATCH = YES;
				COPY_PHASE_STRIP = NO;
				DEBUG_INFORMATION_FORMAT = "dwarf-with-dsym";
				ENABLE_NS_ASSERTIONS = NO;
				ENABLE_STRICT_OBJC_MSGSEND = YES;
				GCC_C_LANGUAGE_STANDARD = gnu11;
				GCC_NO_COMMON_BLOCKS = YES;
				GCC_WARN_64_TO_32_BIT_CONVERSION = YES;
				GCC_WARN_ABOUT_RETURN_TYPE = YES_ERROR;
				GCC_WARN_UNDECLARED_SELECTOR = YES;
				GCC_WARN_UNINITIALIZED_AUTOS = YES_AGGRESSIVE;
				GCC_WARN_UNUSED_FUNCTION = YES;
				GCC_WARN_UNUSED_VARIABLE = YES;
				IPHONEOS_DEPLOYMENT_TARGET = 13.0;
				MTL_ENABLE_DEBUG_INFO = NO;
				MTL_FAST_MATH = YES;
				SDKROOT = iphoneos;
				SWIFT_COMPILATION_MODE = wholemodule;
				SWIFT_OPTIMIZATION_LEVEL = "-O";
				VALIDATE_PRODUCT = YES;
			};
			name = Release;
		};
		1F62E2402306533500BFF5A5 /* Debug */ = {
			isa = XCBuildConfiguration;
			baseConfigurationReference = 5121DD06CCA38C5DF2F169DF /* Pods-posty.debug.xcconfig */;
			buildSettings = {
				ASSETCATALOG_COMPILER_APPICON_NAME = AppIcon;
				CODE_SIGN_STYLE = Automatic;
				DEVELOPMENT_TEAM = N4NSHUT9U3;
				INFOPLIST_FILE = posty/Info.plist;
				LD_RUNPATH_SEARCH_PATHS = (
					"$(inherited)",
					"@executable_path/Frameworks",
				);
				PRODUCT_BUNDLE_IDENTIFIER = com.nibm.post;
				PRODUCT_NAME = "$(TARGET_NAME)";
				SWIFT_VERSION = 5.0;
				TARGETED_DEVICE_FAMILY = "1,2";
			};
			name = Debug;
		};
		1F62E2412306533500BFF5A5 /* Release */ = {
			isa = XCBuildConfiguration;
			baseConfigurationReference = ED1308517556FFB8FF908332 /* Pods-posty.release.xcconfig */;
			buildSettings = {
				ASSETCATALOG_COMPILER_APPICON_NAME = AppIcon;
				CODE_SIGN_STYLE = Automatic;
				DEVELOPMENT_TEAM = N4NSHUT9U3;
				INFOPLIST_FILE = posty/Info.plist;
				LD_RUNPATH_SEARCH_PATHS = (
					"$(inherited)",
					"@executable_path/Frameworks",
				);
				PRODUCT_BUNDLE_IDENTIFIER = com.nibm.post;
				PRODUCT_NAME = "$(TARGET_NAME)";
				SWIFT_VERSION = 5.0;
				TARGETED_DEVICE_FAMILY = "1,2";
			};
			name = Release;
		};
		1F62E2432306533500BFF5A5 /* Debug */ = {
			isa = XCBuildConfiguration;
			baseConfigurationReference = 474F0CFD703FEE4C6F453E9B /* Pods-postyTests.debug.xcconfig */;
			buildSettings = {
				ALWAYS_EMBED_SWIFT_STANDARD_LIBRARIES = YES;
				BUNDLE_LOADER = "$(TEST_HOST)";
				CODE_SIGN_STYLE = Automatic;
				DEVELOPMENT_TEAM = N4NSHUT9U3;
				INFOPLIST_FILE = postyTests/Info.plist;
				LD_RUNPATH_SEARCH_PATHS = (
					"$(inherited)",
					"@executable_path/Frameworks",
					"@loader_path/Frameworks",
				);
				PRODUCT_BUNDLE_IDENTIFIER = com.nibm.post.postyTests;
				PRODUCT_NAME = "$(TARGET_NAME)";
				SWIFT_VERSION = 5.0;
				TARGETED_DEVICE_FAMILY = "1,2";
				TEST_HOST = "$(BUILT_PRODUCTS_DIR)/posty.app/posty";
			};
			name = Debug;
		};
		1F62E2442306533500BFF5A5 /* Release */ = {
			isa = XCBuildConfiguration;
			baseConfigurationReference = 2AC051B693C385428589A81A /* Pods-postyTests.release.xcconfig */;
			buildSettings = {
				ALWAYS_EMBED_SWIFT_STANDARD_LIBRARIES = YES;
				BUNDLE_LOADER = "$(TEST_HOST)";
				CODE_SIGN_STYLE = Automatic;
				DEVELOPMENT_TEAM = N4NSHUT9U3;
				INFOPLIST_FILE = postyTests/Info.plist;
				LD_RUNPATH_SEARCH_PATHS = (
					"$(inherited)",
					"@executable_path/Frameworks",
					"@loader_path/Frameworks",
				);
				PRODUCT_BUNDLE_IDENTIFIER = com.nibm.post.postyTests;
				PRODUCT_NAME = "$(TARGET_NAME)";
				SWIFT_VERSION = 5.0;
				TARGETED_DEVICE_FAMILY = "1,2";
				TEST_HOST = "$(BUILT_PRODUCTS_DIR)/posty.app/posty";
			};
			name = Release;
		};
		1F62E2462306533500BFF5A5 /* Debug */ = {
			isa = XCBuildConfiguration;
			baseConfigurationReference = 7771D561231EB55758128A30 /* Pods-posty-postyUITests.debug.xcconfig */;
			buildSettings = {
				ALWAYS_EMBED_SWIFT_STANDARD_LIBRARIES = YES;
				CODE_SIGN_STYLE = Automatic;
				DEVELOPMENT_TEAM = N4NSHUT9U3;
				INFOPLIST_FILE = postyUITests/Info.plist;
				LD_RUNPATH_SEARCH_PATHS = (
					"$(inherited)",
					"@executable_path/Frameworks",
					"@loader_path/Frameworks",
				);
				PRODUCT_BUNDLE_IDENTIFIER = com.nibm.post.postyUITests;
				PRODUCT_NAME = "$(TARGET_NAME)";
				SWIFT_VERSION = 5.0;
				TARGETED_DEVICE_FAMILY = "1,2";
				TEST_TARGET_NAME = posty;
			};
			name = Debug;
		};
		1F62E2472306533500BFF5A5 /* Release */ = {
			isa = XCBuildConfiguration;
			baseConfigurationReference = C6036D28BCF17BF71563AD14 /* Pods-posty-postyUITests.release.xcconfig */;
			buildSettings = {
				ALWAYS_EMBED_SWIFT_STANDARD_LIBRARIES = YES;
				CODE_SIGN_STYLE = Automatic;
				DEVELOPMENT_TEAM = N4NSHUT9U3;
				INFOPLIST_FILE = postyUITests/Info.plist;
				LD_RUNPATH_SEARCH_PATHS = (
					"$(inherited)",
					"@executable_path/Frameworks",
					"@loader_path/Frameworks",
				);
				PRODUCT_BUNDLE_IDENTIFIER = com.nibm.post.postyUITests;
				PRODUCT_NAME = "$(TARGET_NAME)";
				SWIFT_VERSION = 5.0;
				TARGETED_DEVICE_FAMILY = "1,2";
				TEST_TARGET_NAME = posty;
			};
			name = Release;
		};
/* End XCBuildConfiguration section */

/* Begin XCConfigurationList section */
		1F62E2102306533300BFF5A5 /* Build configuration list for PBXProject "posty" */ = {
			isa = XCConfigurationList;
			buildConfigurations = (
				1F62E23D2306533500BFF5A5 /* Debug */,
				1F62E23E2306533500BFF5A5 /* Release */,
			);
			defaultConfigurationIsVisible = 0;
			defaultConfigurationName = Release;
		};
		1F62E23F2306533500BFF5A5 /* Build configuration list for PBXNativeTarget "posty" */ = {
			isa = XCConfigurationList;
			buildConfigurations = (
				1F62E2402306533500BFF5A5 /* Debug */,
				1F62E2412306533500BFF5A5 /* Release */,
			);
			defaultConfigurationIsVisible = 0;
			defaultConfigurationName = Release;
		};
		1F62E2422306533500BFF5A5 /* Build configuration list for PBXNativeTarget "postyTests" */ = {
			isa = XCConfigurationList;
			buildConfigurations = (
				1F62E2432306533500BFF5A5 /* Debug */,
				1F62E2442306533500BFF5A5 /* Release */,
			);
			defaultConfigurationIsVisible = 0;
			defaultConfigurationName = Release;
		};
		1F62E2452306533500BFF5A5 /* Build configuration list for PBXNativeTarget "postyUITests" */ = {
			isa = XCConfigurationList;
			buildConfigurations = (
				1F62E2462306533500BFF5A5 /* Debug */,
				1F62E2472306533500BFF5A5 /* Release */,
			);
			defaultConfigurationIsVisible = 0;
			defaultConfigurationName = Release;
		};
/* End XCConfigurationList section */
	};
	rootObject = 1F62E20D2306533300BFF5A5 /* Project object */;
}
